// !$*UTF8*$!
{
	archiveVersion = 1;
	classes = {
	};
	objectVersion = 46;
	objects = {

/* Begin PBXBuildFile section */
		BA93BD091F6A657F00ED76A5 /* AppDelegate.swift in Sources */ = {isa = PBXBuildFile; fileRef = BA93BD081F6A657F00ED76A5 /* AppDelegate.swift */; };
		BA93BD0B1F6A657F00ED76A5 /* PedoRecorderVC.swift in Sources */ = {isa = PBXBuildFile; fileRef = BA93BD0A1F6A657F00ED76A5 /* PedoRecorderVC.swift */; };
		BA93BD0E1F6A657F00ED76A5 /* Main.storyboard in Resources */ = {isa = PBXBuildFile; fileRef = BA93BD0C1F6A657F00ED76A5 /* Main.storyboard */; };
		BA93BD101F6A657F00ED76A5 /* Assets.xcassets in Resources */ = {isa = PBXBuildFile; fileRef = BA93BD0F1F6A657F00ED76A5 /* Assets.xcassets */; };
		BA93BD131F6A657F00ED76A5 /* LaunchScreen.storyboard in Resources */ = {isa = PBXBuildFile; fileRef = BA93BD111F6A657F00ED76A5 /* LaunchScreen.storyboard */; };
		BA93BD1E1F6A657F00ED76A5 /* PadoCareTests.swift in Sources */ = {isa = PBXBuildFile; fileRef = BA93BD1D1F6A657F00ED76A5 /* PadoCareTests.swift */; };
		BA93BD291F6A658000ED76A5 /* PadoCareUITests.swift in Sources */ = {isa = PBXBuildFile; fileRef = BA93BD281F6A658000ED76A5 /* PadoCareUITests.swift */; };
		BAA5153A1F6A686A00CD9143 /* CoreMotion.framework in Frameworks */ = {isa = PBXBuildFile; fileRef = BAA515391F6A686A00CD9143 /* CoreMotion.framework */; };
		BAA515431F6A6A8000CD9143 /* PedoRecorderInteractor.swift in Sources */ = {isa = PBXBuildFile; fileRef = BAA515421F6A6A8000CD9143 /* PedoRecorderInteractor.swift */; };
		BAA515451F6A6AE400CD9143 /* PedoMeterManager.swift in Sources */ = {isa = PBXBuildFile; fileRef = BAA515441F6A6AE400CD9143 /* PedoMeterManager.swift */; };
		BAE25C2B1F6BA3EF0078DFF2 /* HealthKit.framework in Frameworks */ = {isa = PBXBuildFile; fileRef = BAE25C2A1F6BA3EF0078DFF2 /* HealthKit.framework */; };
		BAE25C2E1F6BAE570078DFF2 /* HealthManager.swift in Sources */ = {isa = PBXBuildFile; fileRef = BAE25C2D1F6BAE570078DFF2 /* HealthManager.swift */; };
/* End PBXBuildFile section */

/* Begin PBXContainerItemProxy section */
		BA93BD1A1F6A657F00ED76A5 /* PBXContainerItemProxy */ = {
			isa = PBXContainerItemProxy;
			containerPortal = BA93BCFD1F6A657F00ED76A5 /* Project object */;
			proxyType = 1;
			remoteGlobalIDString = BA93BD041F6A657F00ED76A5;
			remoteInfo = PadoCare;
		};
		BA93BD251F6A658000ED76A5 /* PBXContainerItemProxy */ = {
			isa = PBXContainerItemProxy;
			containerPortal = BA93BCFD1F6A657F00ED76A5 /* Project object */;
			proxyType = 1;
			remoteGlobalIDString = BA93BD041F6A657F00ED76A5;
			remoteInfo = PadoCare;
		};
/* End PBXContainerItemProxy section */

/* Begin PBXFileReference section */
		BA93BD051F6A657F00ED76A5 /* PadoCare.app */ = {isa = PBXFileReference; explicitFileType = wrapper.application; includeInIndex = 0; path = PadoCare.app; sourceTree = BUILT_PRODUCTS_DIR; };
		BA93BD081F6A657F00ED76A5 /* AppDelegate.swift */ = {isa = PBXFileReference; lastKnownFileType = sourcecode.swift; name = AppDelegate.swift; path = ../AppDelegate.swift; sourceTree = "<group>"; };
		BA93BD0A1F6A657F00ED76A5 /* PedoRecorderVC.swift */ = {isa = PBXFileReference; lastKnownFileType = sourcecode.swift; name = PedoRecorderVC.swift; path = ../../PedoRecorderVC.swift; sourceTree = "<group>"; };
		BA93BD0D1F6A657F00ED76A5 /* Base */ = {isa = PBXFileReference; lastKnownFileType = file.storyboard; name = Base; path = Base.lproj/Main.storyboard; sourceTree = "<group>"; };
		BA93BD0F1F6A657F00ED76A5 /* Assets.xcassets */ = {isa = PBXFileReference; lastKnownFileType = folder.assetcatalog; path = Assets.xcassets; sourceTree = "<group>"; };
		BA93BD121F6A657F00ED76A5 /* Base */ = {isa = PBXFileReference; lastKnownFileType = file.storyboard; name = Base; path = Base.lproj/LaunchScreen.storyboard; sourceTree = "<group>"; };
		BA93BD141F6A657F00ED76A5 /* Info.plist */ = {isa = PBXFileReference; lastKnownFileType = text.plist.xml; path = Info.plist; sourceTree = "<group>"; };
		BA93BD191F6A657F00ED76A5 /* PadoCareTests.xctest */ = {isa = PBXFileReference; explicitFileType = wrapper.cfbundle; includeInIndex = 0; path = PadoCareTests.xctest; sourceTree = BUILT_PRODUCTS_DIR; };
		BA93BD1D1F6A657F00ED76A5 /* PadoCareTests.swift */ = {isa = PBXFileReference; lastKnownFileType = sourcecode.swift; path = PadoCareTests.swift; sourceTree = "<group>"; };
		BA93BD1F1F6A658000ED76A5 /* Info.plist */ = {isa = PBXFileReference; lastKnownFileType = text.plist.xml; path = Info.plist; sourceTree = "<group>"; };
		BA93BD241F6A658000ED76A5 /* PadoCareUITests.xctest */ = {isa = PBXFileReference; explicitFileType = wrapper.cfbundle; includeInIndex = 0; path = PadoCareUITests.xctest; sourceTree = BUILT_PRODUCTS_DIR; };
		BA93BD281F6A658000ED76A5 /* PadoCareUITests.swift */ = {isa = PBXFileReference; lastKnownFileType = sourcecode.swift; path = PadoCareUITests.swift; sourceTree = "<group>"; };
		BA93BD2A1F6A658000ED76A5 /* Info.plist */ = {isa = PBXFileReference; lastKnownFileType = text.plist.xml; path = Info.plist; sourceTree = "<group>"; };
		BAA515391F6A686A00CD9143 /* CoreMotion.framework */ = {isa = PBXFileReference; lastKnownFileType = wrapper.framework; name = CoreMotion.framework; path = System/Library/Frameworks/CoreMotion.framework; sourceTree = SDKROOT; };
		BAA515421F6A6A8000CD9143 /* PedoRecorderInteractor.swift */ = {isa = PBXFileReference; fileEncoding = 4; lastKnownFileType = sourcecode.swift; path = PedoRecorderInteractor.swift; sourceTree = "<group>"; };
		BAA515441F6A6AE400CD9143 /* PedoMeterManager.swift */ = {isa = PBXFileReference; fileEncoding = 4; lastKnownFileType = sourcecode.swift; path = PedoMeterManager.swift; sourceTree = "<group>"; };
		BAE25C291F6BA3EF0078DFF2 /* PadoCare.entitlements */ = {isa = PBXFileReference; lastKnownFileType = text.plist.entitlements; path = PadoCare.entitlements; sourceTree = "<group>"; };
		BAE25C2A1F6BA3EF0078DFF2 /* HealthKit.framework */ = {isa = PBXFileReference; lastKnownFileType = wrapper.framework; name = HealthKit.framework; path = System/Library/Frameworks/HealthKit.framework; sourceTree = SDKROOT; };
		BAE25C2D1F6BAE570078DFF2 /* HealthManager.swift */ = {isa = PBXFileReference; fileEncoding = 4; lastKnownFileType = sourcecode.swift; path = HealthManager.swift; sourceTree = "<group>"; };
/* End PBXFileReference section */

/* Begin PBXFrameworksBuildPhase section */
		BA93BD021F6A657F00ED76A5 /* Frameworks */ = {
			isa = PBXFrameworksBuildPhase;
			buildActionMask = 2147483647;
			files = (
				BAA5153A1F6A686A00CD9143 /* CoreMotion.framework in Frameworks */,
				BAE25C2B1F6BA3EF0078DFF2 /* HealthKit.framework in Frameworks */,
			);
			runOnlyForDeploymentPostprocessing = 0;
		};
		BA93BD161F6A657F00ED76A5 /* Frameworks */ = {
			isa = PBXFrameworksBuildPhase;
			buildActionMask = 2147483647;
			files = (
			);
			runOnlyForDeploymentPostprocessing = 0;
		};
		BA93BD211F6A658000ED76A5 /* Frameworks */ = {
			isa = PBXFrameworksBuildPhase;
			buildActionMask = 2147483647;
			files = (
			);
			runOnlyForDeploymentPostprocessing = 0;
		};
/* End PBXFrameworksBuildPhase section */

/* Begin PBXGroup section */
		BA93BCFC1F6A657F00ED76A5 = {
			isa = PBXGroup;
			children = (
				BA93BD071F6A657F00ED76A5 /* PadoCare */,
				BA93BD1C1F6A657F00ED76A5 /* PadoCareTests */,
				BA93BD271F6A658000ED76A5 /* PadoCareUITests */,
				BA93BD061F6A657F00ED76A5 /* Products */,
				BAA515381F6A686A00CD9143 /* Frameworks */,
			);
			sourceTree = "<group>";
		};
		BA93BD061F6A657F00ED76A5 /* Products */ = {
			isa = PBXGroup;
			children = (
				BA93BD051F6A657F00ED76A5 /* PadoCare.app */,
				BA93BD191F6A657F00ED76A5 /* PadoCareTests.xctest */,
				BA93BD241F6A658000ED76A5 /* PadoCareUITests.xctest */,
			);
			name = Products;
			sourceTree = "<group>";
		};
		BA93BD071F6A657F00ED76A5 /* PadoCare */ = {
			isa = PBXGroup;
			children = (
				BAE25C291F6BA3EF0078DFF2 /* PadoCare.entitlements */,
				BAA515411F6A69E100CD9143 /* Business Logic - Interactor */,
				BAA5153C1F6A69DA00CD9143 /* Utility */,
				BAA5153E1F6A69DA00CD9143 /* View */,
				BA93BD0F1F6A657F00ED76A5 /* Assets.xcassets */,
				BA93BD111F6A657F00ED76A5 /* LaunchScreen.storyboard */,
				BA93BD141F6A657F00ED76A5 /* Info.plist */,
			);
			path = PadoCare;
			sourceTree = "<group>";
		};
		BA93BD1C1F6A657F00ED76A5 /* PadoCareTests */ = {
			isa = PBXGroup;
			children = (
				BA93BD1D1F6A657F00ED76A5 /* PadoCareTests.swift */,
				BA93BD1F1F6A658000ED76A5 /* Info.plist */,
			);
			path = PadoCareTests;
			sourceTree = "<group>";
		};
		BA93BD271F6A658000ED76A5 /* PadoCareUITests */ = {
			isa = PBXGroup;
			children = (
				BA93BD281F6A658000ED76A5 /* PadoCareUITests.swift */,
				BA93BD2A1F6A658000ED76A5 /* Info.plist */,
			);
			path = PadoCareUITests;
			sourceTree = "<group>";
		};
		BAA515381F6A686A00CD9143 /* Frameworks */ = {
			isa = PBXGroup;
			children = (
				BAE25C2A1F6BA3EF0078DFF2 /* HealthKit.framework */,
				BAA515391F6A686A00CD9143 /* CoreMotion.framework */,
			);
			name = Frameworks;
			sourceTree = "<group>";
		};
		BAA5153C1F6A69DA00CD9143 /* Utility */ = {
			isa = PBXGroup;
			children = (
				BAE25C2C1F6BAE490078DFF2 /* HealthManager */,
				BA93BD081F6A657F00ED76A5 /* AppDelegate.swift */,
				BAA5153D1F6A69DA00CD9143 /* PedoMeterManager */,
			);
			path = Utility;
			sourceTree = "<group>";
		};
		BAA5153D1F6A69DA00CD9143 /* PedoMeterManager */ = {
			isa = PBXGroup;
			children = (
				BAA515441F6A6AE400CD9143 /* PedoMeterManager.swift */,
			);
			path = PedoMeterManager;
			sourceTree = "<group>";
		};
		BAA5153E1F6A69DA00CD9143 /* View */ = {
			isa = PBXGroup;
			children = (
				BAA5153F1F6A69DA00CD9143 /* Controller */,
				BAA515401F6A69DA00CD9143 /* Storyboard */,
			);
			path = View;
			sourceTree = "<group>";
		};
		BAA5153F1F6A69DA00CD9143 /* Controller */ = {
			isa = PBXGroup;
			children = (
				BA93BD0A1F6A657F00ED76A5 /* PedoRecorderVC.swift */,
			);
			path = Controller;
			sourceTree = "<group>";
		};
		BAA515401F6A69DA00CD9143 /* Storyboard */ = {
			isa = PBXGroup;
			children = (
				BA93BD0C1F6A657F00ED76A5 /* Main.storyboard */,
			);
			path = Storyboard;
			sourceTree = "<group>";
		};
		BAA515411F6A69E100CD9143 /* Business Logic - Interactor */ = {
			isa = PBXGroup;
			children = (
				BAA515421F6A6A8000CD9143 /* PedoRecorderInteractor.swift */,
			);
			name = "Business Logic - Interactor";
			path = "Business Logic";
			sourceTree = "<group>";
		};
		BAE25C2C1F6BAE490078DFF2 /* HealthManager */ = {
			isa = PBXGroup;
			children = (
				BAE25C2D1F6BAE570078DFF2 /* HealthManager.swift */,
			);
			path = HealthManager;
			sourceTree = "<group>";
		};
/* End PBXGroup section */

/* Begin PBXNativeTarget section */
		BA93BD041F6A657F00ED76A5 /* PadoCare */ = {
			isa = PBXNativeTarget;
			buildConfigurationList = BA93BD2D1F6A658000ED76A5 /* Build configuration list for PBXNativeTarget "PadoCare" */;
			buildPhases = (
				BA93BD011F6A657F00ED76A5 /* Sources */,
				BA93BD021F6A657F00ED76A5 /* Frameworks */,
				BA93BD031F6A657F00ED76A5 /* Resources */,
			);
			buildRules = (
			);
			dependencies = (
			);
			name = PadoCare;
			productName = PadoCare;
			productReference = BA93BD051F6A657F00ED76A5 /* PadoCare.app */;
			productType = "com.apple.product-type.application";
		};
		BA93BD181F6A657F00ED76A5 /* PadoCareTests */ = {
			isa = PBXNativeTarget;
			buildConfigurationList = BA93BD301F6A658000ED76A5 /* Build configuration list for PBXNativeTarget "PadoCareTests" */;
			buildPhases = (
				BA93BD151F6A657F00ED76A5 /* Sources */,
				BA93BD161F6A657F00ED76A5 /* Frameworks */,
				BA93BD171F6A657F00ED76A5 /* Resources */,
			);
			buildRules = (
			);
			dependencies = (
				BA93BD1B1F6A657F00ED76A5 /* PBXTargetDependency */,
			);
			name = PadoCareTests;
			productName = PadoCareTests;
			productReference = BA93BD191F6A657F00ED76A5 /* PadoCareTests.xctest */;
			productType = "com.apple.product-type.bundle.unit-test";
		};
		BA93BD231F6A658000ED76A5 /* PadoCareUITests */ = {
			isa = PBXNativeTarget;
			buildConfigurationList = BA93BD331F6A658000ED76A5 /* Build configuration list for PBXNativeTarget "PadoCareUITests" */;
			buildPhases = (
				BA93BD201F6A658000ED76A5 /* Sources */,
				BA93BD211F6A658000ED76A5 /* Frameworks */,
				BA93BD221F6A658000ED76A5 /* Resources */,
			);
			buildRules = (
			);
			dependencies = (
				BA93BD261F6A658000ED76A5 /* PBXTargetDependency */,
			);
			name = PadoCareUITests;
			productName = PadoCareUITests;
			productReference = BA93BD241F6A658000ED76A5 /* PadoCareUITests.xctest */;
			productType = "com.apple.product-type.bundle.ui-testing";
		};
/* End PBXNativeTarget section */

/* Begin PBXProject section */
		BA93BCFD1F6A657F00ED76A5 /* Project object */ = {
			isa = PBXProject;
			attributes = {
				LastSwiftUpdateCheck = 0830;
				LastUpgradeCheck = 0830;
				ORGANIZATIONNAME = SunilMaurya;
				TargetAttributes = {
					BA93BD041F6A657F00ED76A5 = {
						CreatedOnToolsVersion = 8.3.3;
						DevelopmentTeam = GK52FE3UQU;
						ProvisioningStyle = Automatic;
						SystemCapabilities = {
							com.apple.HealthKit = {
								enabled = 1;
							};
						};
					};
					BA93BD181F6A657F00ED76A5 = {
						CreatedOnToolsVersion = 8.3.3;
						DevelopmentTeam = GK52FE3UQU;
						ProvisioningStyle = Automatic;
						TestTargetID = BA93BD041F6A657F00ED76A5;
					};
					BA93BD231F6A658000ED76A5 = {
						CreatedOnToolsVersion = 8.3.3;
						DevelopmentTeam = GK52FE3UQU;
						ProvisioningStyle = Automatic;
						TestTargetID = BA93BD041F6A657F00ED76A5;
					};
				};
			};
			buildConfigurationList = BA93BD001F6A657F00ED76A5 /* Build configuration list for PBXProject "PadoCare" */;
			compatibilityVersion = "Xcode 3.2";
			developmentRegion = English;
			hasScannedForEncodings = 0;
			knownRegions = (
				en,
				Base,
			);
			mainGroup = BA93BCFC1F6A657F00ED76A5;
			productRefGroup = BA93BD061F6A657F00ED76A5 /* Products */;
			projectDirPath = "";
			projectRoot = "";
			targets = (
				BA93BD041F6A657F00ED76A5 /* PadoCare */,
				BA93BD181F6A657F00ED76A5 /* PadoCareTests */,
				BA93BD231F6A658000ED76A5 /* PadoCareUITests */,
			);
		};
/* End PBXProject section */

/* Begin PBXResourcesBuildPhase section */
		BA93BD031F6A657F00ED76A5 /* Resources */ = {
			isa = PBXResourcesBuildPhase;
			buildActionMask = 2147483647;
			files = (
				BA93BD131F6A657F00ED76A5 /* LaunchScreen.storyboard in Resources */,
				BA93BD101F6A657F00ED76A5 /* Assets.xcassets in Resources */,
				BA93BD0E1F6A657F00ED76A5 /* Main.storyboard in Resources */,
			);
			runOnlyForDeploymentPostprocessing = 0;
		};
		BA93BD171F6A657F00ED76A5 /* Resources */ = {
			isa = PBXResourcesBuildPhase;
			buildActionMask = 2147483647;
			files = (
			);
			runOnlyForDeploymentPostprocessing = 0;
		};
		BA93BD221F6A658000ED76A5 /* Resources */ = {
			isa = PBXResourcesBuildPhase;
			buildActionMask = 2147483647;
			files = (
			);
			runOnlyForDeploymentPostprocessing = 0;
		};
/* End PBXResourcesBuildPhase section */

/* Begin PBXSourcesBuildPhase section */
		BA93BD011F6A657F00ED76A5 /* Sources */ = {
			isa = PBXSourcesBuildPhase;
			buildActionMask = 2147483647;
			files = (
				BA93BD0B1F6A657F00ED76A5 /* PedoRecorderVC.swift in Sources */,
				BAA515451F6A6AE400CD9143 /* PedoMeterManager.swift in Sources */,
				BAA515431F6A6A8000CD9143 /* PedoRecorderInteractor.swift in Sources */,
				BA93BD091F6A657F00ED76A5 /* AppDelegate.swift in Sources */,
				BAE25C2E1F6BAE570078DFF2 /* HealthManager.swift in Sources */,
			);
			runOnlyForDeploymentPostprocessing = 0;
		};
		BA93BD151F6A657F00ED76A5 /* Sources */ = {
			isa = PBXSourcesBuildPhase;
			buildActionMask = 2147483647;
			files = (
				BA93BD1E1F6A657F00ED76A5 /* PadoCareTests.swift in Sources */,
			);
			runOnlyForDeploymentPostprocessing = 0;
		};
		BA93BD201F6A658000ED76A5 /* Sources */ = {
			isa = PBXSourcesBuildPhase;
			buildActionMask = 2147483647;
			files = (
				BA93BD291F6A658000ED76A5 /* PadoCareUITests.swift in Sources */,
			);
			runOnlyForDeploymentPostprocessing = 0;
		};
/* End PBXSourcesBuildPhase section */

/* Begin PBXTargetDependency section */
		BA93BD1B1F6A657F00ED76A5 /* PBXTargetDependency */ = {
			isa = PBXTargetDependency;
			target = BA93BD041F6A657F00ED76A5 /* PadoCare */;
			targetProxy = BA93BD1A1F6A657F00ED76A5 /* PBXContainerItemProxy */;
		};
		BA93BD261F6A658000ED76A5 /* PBXTargetDependency */ = {
			isa = PBXTargetDependency;
			target = BA93BD041F6A657F00ED76A5 /* PadoCare */;
			targetProxy = BA93BD251F6A658000ED76A5 /* PBXContainerItemProxy */;
		};
/* End PBXTargetDependency section */

/* Begin PBXVariantGroup section */
		BA93BD0C1F6A657F00ED76A5 /* Main.storyboard */ = {
			isa = PBXVariantGroup;
			children = (
				BA93BD0D1F6A657F00ED76A5 /* Base */,
			);
			name = Main.storyboard;
			path = ../..;
			sourceTree = "<group>";
		};
		BA93BD111F6A657F00ED76A5 /* LaunchScreen.storyboard */ = {
			isa = PBXVariantGroup;
			children = (
				BA93BD121F6A657F00ED76A5 /* Base */,
			);
			name = LaunchScreen.storyboard;
			sourceTree = "<group>";
		};
/* End PBXVariantGroup section */

/* Begin XCBuildConfiguration section */
		BA93BD2B1F6A658000ED76A5 /* Debug */ = {
			isa = XCBuildConfiguration;
			buildSettings = {
				ALWAYS_SEARCH_USER_PATHS = NO;
				CLANG_ANALYZER_NONNULL = YES;
				CLANG_ANALYZER_NUMBER_OBJECT_CONVERSION = YES_AGGRESSIVE;
				CLANG_CXX_LANGUAGE_STANDARD = "gnu++0x";
				CLANG_CXX_LIBRARY = "libc++";
				CLANG_ENABLE_MODULES = YES;
				CLANG_ENABLE_OBJC_ARC = YES;
				CLANG_WARN_BOOL_CONVERSION = YES;
				CLANG_WARN_CONSTANT_CONVERSION = YES;
				CLANG_WARN_DIRECT_OBJC_ISA_USAGE = YES_ERROR;
				CLANG_WARN_DOCUMENTATION_COMMENTS = YES;
				CLANG_WARN_EMPTY_BODY = YES;
				CLANG_WARN_ENUM_CONVERSION = YES;
				CLANG_WARN_INFINITE_RECURSION = YES;
				CLANG_WARN_INT_CONVERSION = YES;
				CLANG_WARN_OBJC_ROOT_CLASS = YES_ERROR;
				CLANG_WARN_SUSPICIOUS_MOVE = YES;
				CLANG_WARN_UNREACHABLE_CODE = YES;
				CLANG_WARN__DUPLICATE_METHOD_MATCH = YES;
				"CODE_SIGN_IDENTITY[sdk=iphoneos*]" = "iPhone Developer";
				COPY_PHASE_STRIP = NO;
				DEBUG_INFORMATION_FORMAT = dwarf;
				ENABLE_STRICT_OBJC_MSGSEND = YES;
				ENABLE_TESTABILITY = YES;
				GCC_C_LANGUAGE_STANDARD = gnu99;
				GCC_DYNAMIC_NO_PIC = NO;
				GCC_NO_COMMON_BLOCKS = YES;
				GCC_OPTIMIZATION_LEVEL = 0;
				GCC_PREPROCESSOR_DEFINITIONS = (
					"DEBUG=1",
					"$(inherited)",
				);
				GCC_WARN_64_TO_32_BIT_CONVERSION = YES;
				GCC_WARN_ABOUT_RETURN_TYPE = YES_ERROR;
				GCC_WARN_UNDECLARED_SELECTOR = YES;
				GCC_WARN_UNINITIALIZED_AUTOS = YES_AGGRESSIVE;
				GCC_WARN_UNUSED_FUNCTION = YES;
				GCC_WARN_UNUSED_VARIABLE = YES;
				IPHONEOS_DEPLOYMENT_TARGET = 10.3;
				MTL_ENABLE_DEBUG_INFO = YES;
				ONLY_ACTIVE_ARCH = YES;
				SDKROOT = iphoneos;
				SWIFT_ACTIVE_COMPILATION_CONDITIONS = DEBUG;
				SWIFT_OPTIMIZATION_LEVEL = "-Onone";
				TARGETED_DEVICE_FAMILY = "1,2";
			};
			name = Debug;
		};
		BA93BD2C1F6A658000ED76A5 /* Release */ = {
			isa = XCBuildConfiguration;
			buildSettings = {
				ALWAYS_SEARCH_USER_PATHS = NO;
				CLANG_ANALYZER_NONNULL = YES;
				CLANG_ANALYZER_NUMBER_OBJECT_CONVERSION = YES_AGGRESSIVE;
				CLANG_CXX_LANGUAGE_STANDARD = "gnu++0x";
				CLANG_CXX_LIBRARY = "libc++";
				CLANG_ENABLE_MODULES = YES;
				CLANG_ENABLE_OBJC_ARC = YES;
				CLANG_WARN_BOOL_CONVERSION = YES;
				CLANG_WARN_CONSTANT_CONVERSION = YES;
				CLANG_WARN_DIRECT_OBJC_ISA_USAGE = YES_ERROR;
				CLANG_WARN_DOCUMENTATION_COMMENTS = YES;
				CLANG_WARN_EMPTY_BODY = YES;
				CLANG_WARN_ENUM_CONVERSION = YES;
				CLANG_WARN_INFINITE_RECURSION = YES;
				CLANG_WARN_INT_CONVERSION = YES;
				CLANG_WARN_OBJC_ROOT_CLASS = YES_ERROR;
				CLANG_WARN_SUSPICIOUS_MOVE = YES;
				CLANG_WARN_UNREACHABLE_CODE = YES;
				CLANG_WARN__DUPLICATE_METHOD_MATCH = YES;
				"CODE_SIGN_IDENTITY[sdk=iphoneos*]" = "iPhone Developer";
				COPY_PHASE_STRIP = NO;
				DEBUG_INFORMATION_FORMAT = "dwarf-with-dsym";
				ENABLE_NS_ASSERTIONS = NO;
				ENABLE_STRICT_OBJC_MSGSEND = YES;
				GCC_C_LANGUAGE_STANDARD = gnu99;
				GCC_NO_COMMON_BLOCKS = YES;
				GCC_WARN_64_TO_32_BIT_CONVERSION = YES;
				GCC_WARN_ABOUT_RETURN_TYPE = YES_ERROR;
				GCC_WARN_UNDECLARED_SELECTOR = YES;
				GCC_WARN_UNINITIALIZED_AUTOS = YES_AGGRESSIVE;
				GCC_WARN_UNUSED_FUNCTION = YES;
				GCC_WARN_UNUSED_VARIABLE = YES;
				IPHONEOS_DEPLOYMENT_TARGET = 10.3;
				MTL_ENABLE_DEBUG_INFO = NO;
				SDKROOT = iphoneos;
				SWIFT_OPTIMIZATION_LEVEL = "-Owholemodule";
				TARGETED_DEVICE_FAMILY = "1,2";
				VALIDATE_PRODUCT = YES;
			};
			name = Release;
		};
		BA93BD2E1F6A658000ED76A5 /* Debug */ = {
			isa = XCBuildConfiguration;
			buildSettings = {
				ASSETCATALOG_COMPILER_APPICON_NAME = AppIcon;
				CODE_SIGN_ENTITLEMENTS = PadoCare/PadoCare.entitlements;
				"CODE_SIGN_IDENTITY[sdk=iphoneos*]" = "iPhone Developer";
				DEVELOPMENT_TEAM = GK52FE3UQU;
				INFOPLIST_FILE = PadoCare/Info.plist;
				IPHONEOS_DEPLOYMENT_TARGET = 8.0;
				LD_RUNPATH_SEARCH_PATHS = "$(inherited) @executable_path/Frameworks";
				PRODUCT_BUNDLE_IDENTIFIER = SN.PadoCare;
				PRODUCT_NAME = "$(TARGET_NAME)";
				PROVISIONING_PROFILE_SPECIFIER = "";
				SWIFT_VERSION = 3.0;
			};
			name = Debug;
		};
		BA93BD2F1F6A658000ED76A5 /* Release */ = {
			isa = XCBuildConfiguration;
			buildSettings = {
				ASSETCATALOG_COMPILER_APPICON_NAME = AppIcon;
				CODE_SIGN_ENTITLEMENTS = PadoCare/PadoCare.entitlements;
				"CODE_SIGN_IDENTITY[sdk=iphoneos*]" = "iPhone Developer";
				DEVELOPMENT_TEAM = GK52FE3UQU;
				INFOPLIST_FILE = PadoCare/Info.plist;
				IPHONEOS_DEPLOYMENT_TARGET = 8.0;
				LD_RUNPATH_SEARCH_PATHS = "$(inherited) @executable_path/Frameworks";
				PRODUCT_BUNDLE_IDENTIFIER = SN.PadoCare;
				PRODUCT_NAME = "$(TARGET_NAME)";
				PROVISIONING_PROFILE_SPECIFIER = "";
				SWIFT_VERSION = 3.0;
			};
			name = Release;
		};
		BA93BD311F6A658000ED76A5 /* Debug */ = {
			isa = XCBuildConfiguration;
			buildSettings = {
				ALWAYS_EMBED_SWIFT_STANDARD_LIBRARIES = YES;
				BUNDLE_LOADER = "$(TEST_HOST)";
				DEVELOPMENT_TEAM = GK52FE3UQU;
				INFOPLIST_FILE = PadoCareTests/Info.plist;
				LD_RUNPATH_SEARCH_PATHS = "$(inherited) @executable_path/Frameworks @loader_path/Frameworks";
				PRODUCT_BUNDLE_IDENTIFIER = SN.PadoCareTests;
				PRODUCT_NAME = "$(TARGET_NAME)";
				SWIFT_VERSION = 3.0;
				TEST_HOST = "$(BUILT_PRODUCTS_DIR)/PadoCare.app/PadoCare";
			};
			name = Debug;
		};
		BA93BD321F6A658000ED76A5 /* Release */ = {
			isa = XCBuildConfiguration;
			buildSettings = {
				ALWAYS_EMBED_SWIFT_STANDARD_LIBRARIES = YES;
				BUNDLE_LOADER = "$(TEST_HOST)";
				DEVELOPMENT_TEAM = GK52FE3UQU;
				INFOPLIST_FILE = PadoCareTests/Info.plist;
				LD_RUNPATH_SEARCH_PATHS = "$(inherited) @executable_path/Frameworks @loader_path/Frameworks";
				PRODUCT_BUNDLE_IDENTIFIER = SN.PadoCareTests;
				PRODUCT_NAME = "$(TARGET_NAME)";
				SWIFT_VERSION = 3.0;
				TEST_HOST = "$(BUILT_PRODUCTS_DIR)/PadoCare.app/PadoCare";
			};
			name = Release;
		};
		BA93BD341F6A658000ED76A5 /* Debug */ = {
			isa = XCBuildConfiguration;
			buildSettings = {
				ALWAYS_EMBED_SWIFT_STANDARD_LIBRARIES = YES;
				DEVELOPMENT_TEAM = GK52FE3UQU;
				INFOPLIST_FILE = PadoCareUITests/Info.plist;
				LD_RUNPATH_SEARCH_PATHS = "$(inherited) @executable_path/Frameworks @loader_path/Frameworks";
				PRODUCT_BUNDLE_IDENTIFIER = SN.PadoCareUITests;
				PRODUCT_NAME = "$(TARGET_NAME)";
				SWIFT_VERSION = 3.0;
				TEST_TARGET_NAME = PadoCare;
			};
			name = Debug;
		};
		BA93BD351F6A658000ED76A5 /* Release */ = {
			isa = XCBuildConfiguration;
			buildSettings = {
				ALWAYS_EMBED_SWIFT_STANDARD_LIBRARIES = YES;
				DEVELOPMENT_TEAM = GK52FE3UQU;
				INFOPLIST_FILE = PadoCareUITests/Info.plist;
				LD_RUNPATH_SEARCH_PATHS = "$(inherited) @executable_path/Frameworks @loader_path/Frameworks";
				PRODUCT_BUNDLE_IDENTIFIER = SN.PadoCareUITests;
				PRODUCT_NAME = "$(TARGET_NAME)";
				SWIFT_VERSION = 3.0;
				TEST_TARGET_NAME = PadoCare;
			};
			name = Release;
		};
/* End XCBuildConfiguration section */

/* Begin XCConfigurationList section */
		BA93BD001F6A657F00ED76A5 /* Build configuration list for PBXProject "PadoCare" */ = {
			isa = XCConfigurationList;
			buildConfigurations = (
				BA93BD2B1F6A658000ED76A5 /* Debug */,
				BA93BD2C1F6A658000ED76A5 /* Release */,
			);
			defaultConfigurationIsVisible = 0;
			defaultConfigurationName = Release;
		};
		BA93BD2D1F6A658000ED76A5 /* Build configuration list for PBXNativeTarget "PadoCare" */ = {
			isa = XCConfigurationList;
			buildConfigurations = (
				BA93BD2E1F6A658000ED76A5 /* Debug */,
				BA93BD2F1F6A658000ED76A5 /* Release */,
			);
			defaultConfigurationIsVisible = 0;
			defaultConfigurationName = Release;
		};
		BA93BD301F6A658000ED76A5 /* Build configuration list for PBXNativeTarget "PadoCareTests" */ = {
			isa = XCConfigurationList;
			buildConfigurations = (
				BA93BD311F6A658000ED76A5 /* Debug */,
				BA93BD321F6A658000ED76A5 /* Release */,
			);
			defaultConfigurationIsVisible = 0;
			defaultConfigurationName = Release;
		};
		BA93BD331F6A658000ED76A5 /* Build configuration list for PBXNativeTarget "PadoCareUITests" */ = {
			isa = XCConfigurationList;
			buildConfigurations = (
				BA93BD341F6A658000ED76A5 /* Debug */,
				BA93BD351F6A658000ED76A5 /* Release */,
			);
			defaultConfigurationIsVisible = 0;
			defaultConfigurationName = Release;
		};
/* End XCConfigurationList section */
	};
	rootObject = BA93BCFD1F6A657F00ED76A5 /* Project object */;
}
